
Microsoft Visual Studio Solution File, Format Version 12.00
# Visual Studio Version 17
VisualStudioVersion = 17.1.32104.313
MinimumVisualStudioVersion = 10.0.40219.1
Project("{9A19103F-16F7-4668-BE54-9A1E7A4F7556}") = "SystemInfoLib", "SystemInfoLib\SystemInfoLib.csproj", "{B5D4BF1A-E871-4E7A-916B-EC628758683C}"
EndProject
Project("{2150E333-8FDC-42A3-9474-1A3956D46DE8}") = "Libs", "Libs", "{19F6AA1A-AF9E-4B58-9011-67BEA52AD85F}"
EndProject
Project("{2150E333-8FDC-42A3-9474-1A3956D46DE8}") = "Orleans-Silo", "Orleans-Silo", "{CCB9D36C-C1C9-4306-AC9B-E91F3A4821EA}"
EndProject
Project("{9A19103F-16F7-4668-BE54-9A1E7A4F7556}") = "SearchClient", "SearchClient\SearchClient.csproj", "{9E5D1E38-54B3-48C3-8203-59B687019160}"
EndProject
Project("{9A19103F-16F7-4668-BE54-9A1E7A4F7556}") = "FileSearchEngine", "FileSearchEngine\FileSearchEngine.csproj", "{8A7CD59B-E4B9-4845-90EE-97DB94299CEC}"
EndProject
Project("{9A19103F-16F7-4668-BE54-9A1E7A4F7556}") = "SearchModels", "SearchModels\SearchModels.csproj", "{7A74511A-4356-4B53-8E37-05607F07ABC4}"
EndProject
Project("{2150E333-8FDC-42A3-9474-1A3956D46DE8}") = "Shared", "Shared", "{2F660EFE-F719-4474-9498-FC9C05DE8D8B}"
EndProject
Project("{2150E333-8FDC-42A3-9474-1A3956D46DE8}") = "Orleans-Client", "Orleans-Client", "{F10C2010-8878-48AC-B10B-61EB7D2BCE0F}"
EndProject
Project("{9A19103F-16F7-4668-BE54-9A1E7A4F7556}") = "SearchJob", "SearchJob\SearchJob.csproj", "{D2AC8458-2F73-481B-A30E-650FA3BE36FA}"
EndProject
Project("{2150E333-8FDC-42A3-9474-1A3956D46DE8}") = "Frontend", "Frontend", "{B2E22BEE-64B7-4FA3-B930-327E019490DA}"
EndProject
Global
	GlobalSection(SolutionConfigurationPlatforms) = preSolution
		Debug|Any CPU = Debug|Any CPU
		Release|Any CPU = Release|Any CPU
	EndGlobalSection
	GlobalSection(ProjectConfigurationPlatforms) = postSolution
		{B5D4BF1A-E871-4E7A-916B-EC628758683C}.Debug|Any CPU.ActiveCfg = Debug|Any CPU
		{B5D4BF1A-E871-4E7A-916B-EC628758683C}.Debug|Any CPU.Build.0 = Debug|Any CPU
		{B5D4BF1A-E871-4E7A-916B-EC628758683C}.Release|Any CPU.ActiveCfg = Release|Any CPU
		{B5D4BF1A-E871-4E7A-916B-EC628758683C}.Release|Any CPU.Build.0 = Release|Any CPU
		{9E5D1E38-54B3-48C3-8203-59B687019160}.Debug|Any CPU.ActiveCfg = Debug|Any CPU
		{9E5D1E38-54B3-48C3-8203-59B687019160}.Debug|Any CPU.Build.0 = Debug|Any CPU
		{9E5D1E38-54B3-48C3-8203-59B687019160}.Release|Any CPU.ActiveCfg = Release|Any CPU
		{9E5D1E38-54B3-48C3-8203-59B687019160}.Release|Any CPU.Build.0 = Release|Any CPU
		{8A7CD59B-E4B9-4845-90EE-97DB94299CEC}.Debug|Any CPU.ActiveCfg = Debug|Any CPU
		{8A7CD59B-E4B9-4845-90EE-97DB94299CEC}.Debug|Any CPU.Build.0 = Debug|Any CPU
		{8A7CD59B-E4B9-4845-90EE-97DB94299CEC}.Release|Any CPU.ActiveCfg = Release|Any CPU
		{8A7CD59B-E4B9-4845-90EE-97DB94299CEC}.Release|Any CPU.Build.0 = Release|Any CPU
		{7A74511A-4356-4B53-8E37-05607F07ABC4}.Debug|Any CPU.ActiveCfg = Debug|Any CPU
		{7A74511A-4356-4B53-8E37-05607F07ABC4}.Debug|Any CPU.Build.0 = Debug|Any CPU
		{7A74511A-4356-4B53-8E37-05607F07ABC4}.Release|Any CPU.ActiveCfg = Release|Any CPU
		{7A74511A-4356-4B53-8E37-05607F07ABC4}.Release|Any CPU.Build.0 = Release|Any CPU
		{D2AC8458-2F73-481B-A30E-650FA3BE36FA}.Debug|Any CPU.ActiveCfg = Debug|Any CPU
		{D2AC8458-2F73-481B-A30E-650FA3BE36FA}.Debug|Any CPU.Build.0 = Debug|Any CPU
		{D2AC8458-2F73-481B-A30E-650FA3BE36FA}.Release|Any CPU.ActiveCfg = Release|Any CPU
		{D2AC8458-2F73-481B-A30E-650FA3BE36FA}.Release|Any CPU.Build.0 = Release|Any CPU
	EndGlobalSection
	GlobalSection(SolutionProperties) = preSolution
		HideSolutionNode = FALSE
	EndGlobalSection
	GlobalSection(NestedProjects) = preSolution
		{B5D4BF1A-E871-4E7A-916B-EC628758683C} = {19F6AA1A-AF9E-4B58-9011-67BEA52AD85F}
		{9E5D1E38-54B3-48C3-8203-59B687019160} = {B2E22BEE-64B7-4FA3-B930-327E019490DA}
		{8A7CD59B-E4B9-4845-90EE-97DB94299CEC} = {CCB9D36C-C1C9-4306-AC9B-E91F3A4821EA}
		{7A74511A-4356-4B53-8E37-05607F07ABC4} = {2F660EFE-F719-4474-9498-FC9C05DE8D8B}
		{D2AC8458-2F73-481B-A30E-650FA3BE36FA} = {F10C2010-8878-48AC-B10B-61EB7D2BCE0F}
	EndGlobalSection
	GlobalSection(ExtensibilityGlobals) = postSolution
		SolutionGuid = {F9B22FBF-9359-4EC7-B597-8931D178FA86}
	EndGlobalSection
EndGlobal
